
Microsoft Visual Studio Solution File, Format Version 12.00
# Visual Studio Version 17
VisualStudioVersion = 17.6.33815.320
MinimumVisualStudioVersion = 10.0.40219.1
Project("{D954291E-2A0B-460D-934E-DC6B0785DB48}") = "T4", "Tools\CodeGenerators\T4\T4.shproj", "{ED39428D-4EC0-4F77-8B2C-BA8454A09DB3}"
EndProject
Project("{2150E333-8FDC-42A3-9474-1A3956D46DE8}") = "SolutionItems", "SolutionItems", "{D7D32712-FB9A-49B5-8031-A4F5AB3D9A44}"
	ProjectSection(SolutionItems) = preProject
		Directory.Build.props = Directory.Build.props
		..\..\Directory.Packages.props = ..\..\Directory.Packages.props
		..\..\Menees.Analyzers.Settings.xml = ..\..\Menees.Analyzers.Settings.xml
	EndProjectSection
EndProject
Project("{2150E333-8FDC-42A3-9474-1A3956D46DE8}") = "Telemetry", "Telemetry", "{CBC1F08C-B11C-4809-A36D-7316CB2FED55}"
EndProject
Project("{9A19103F-16F7-4668-BE54-9A1E7A4F7556}") = "MetricEmitter", "Telemetry\MetricEmitter\MetricEmitter.csproj", "{C5A779C9-ECA0-43EC-A483-6A9AC63F5336}"
EndProject
Project("{2150E333-8FDC-42A3-9474-1A3956D46DE8}") = "Common", "Common", "{E6772DA1-C93E-4FDF-B2BB-DD9CC2CE60F2}"
EndProject
Project("{2150E333-8FDC-42A3-9474-1A3956D46DE8}") = "Managers", "Managers", "{141CA0D5-D300-4425-AA6A-50BB3C52585A}"
EndProject
Project("{2150E333-8FDC-42A3-9474-1A3956D46DE8}") = "Contracts", "Contracts", "{08F69451-58C6-48C7-9D19-CA196D39344C}"
EndProject
Project("{2150E333-8FDC-42A3-9474-1A3956D46DE8}") = "Application", "Application", "{7D58AD38-26EA-4621-B4CF-8DC8E3CC1F59}"
EndProject
Project("{9A19103F-16F7-4668-BE54-9A1E7A4F7556}") = "IdentitySidecar", "Application\Sidecar\IdentitySidecar.csproj", "{B5330874-0353-4713-82A2-BF310D3B1C99}"
EndProject
Project("{9A19103F-16F7-4668-BE54-9A1E7A4F7556}") = "Configuration", "Common\Configuration\Configuration.csproj", "{FC6EFEAD-D28C-4C99-B8C1-686C2FC63F63}"
EndProject
Project("{9A19103F-16F7-4668-BE54-9A1E7A4F7556}") = "Constants", "Common\Constants\Constants.csproj", "{34884CAE-2122-498F-B596-89FED0661B9A}"
EndProject
Project("{9A19103F-16F7-4668-BE54-9A1E7A4F7556}") = "Utilities", "Common\Utilities\Utilities.csproj", "{D465289A-5A82-4B42-AC5A-0CD2FCDEED23}"
EndProject
Project("{9A19103F-16F7-4668-BE54-9A1E7A4F7556}") = "Telemetry.Metrics", "Telemetry\Telemetry.Metrics\Telemetry.Metrics.csproj", "{294B645D-22D6-4518-9C45-02C04C0B9C5F}"
EndProject
Project("{9A19103F-16F7-4668-BE54-9A1E7A4F7556}") = "CredentialManager", "Managers\CredentialManager\CredentialManager.csproj", "{B2D37C4E-7591-4622-9FF7-C545E2CDCDE3}"
EndProject
Project("{9A19103F-16F7-4668-BE54-9A1E7A4F7556}") = "CredentialStore", "Common\CredentialStore\CredentialStore.csproj", "{22A3DAC8-5014-4493-8892-2175B42063A0}"
EndProject
Project("{FAE04EC0-301F-11D3-BF4B-00C04F79EFBC}") = "restapi-common", "..\internal\restapi-common\restapi-common.csproj", "{8888463D-F004-2537-F586-373CE15FE350}"
EndProject
Global
	GlobalSection(SolutionConfigurationPlatforms) = preSolution
		Debug|Any CPU = Debug|Any CPU
		Release|Any CPU = Release|Any CPU
	EndGlobalSection
	GlobalSection(ProjectConfigurationPlatforms) = postSolution
		{C5A779C9-ECA0-43EC-A483-6A9AC63F5336}.Debug|Any CPU.ActiveCfg = Debug|Any CPU
		{C5A779C9-ECA0-43EC-A483-6A9AC63F5336}.Debug|Any CPU.Build.0 = Debug|Any CPU
		{C5A779C9-ECA0-43EC-A483-6A9AC63F5336}.Release|Any CPU.ActiveCfg = Release|Any CPU
		{C5A779C9-ECA0-43EC-A483-6A9AC63F5336}.Release|Any CPU.Build.0 = Release|Any CPU
		{B5330874-0353-4713-82A2-BF310D3B1C99}.Debug|Any CPU.ActiveCfg = Debug|Any CPU
		{B5330874-0353-4713-82A2-BF310D3B1C99}.Debug|Any CPU.Build.0 = Debug|Any CPU
		{B5330874-0353-4713-82A2-BF310D3B1C99}.Release|Any CPU.ActiveCfg = Release|Any CPU
		{B5330874-0353-4713-82A2-BF310D3B1C99}.Release|Any CPU.Build.0 = Release|Any CPU
		{FC6EFEAD-D28C-4C99-B8C1-686C2FC63F63}.Debug|Any CPU.ActiveCfg = Debug|Any CPU
		{FC6EFEAD-D28C-4C99-B8C1-686C2FC63F63}.Debug|Any CPU.Build.0 = Debug|Any CPU
		{FC6EFEAD-D28C-4C99-B8C1-686C2FC63F63}.Release|Any CPU.ActiveCfg = Release|Any CPU
		{FC6EFEAD-D28C-4C99-B8C1-686C2FC63F63}.Release|Any CPU.Build.0 = Release|Any CPU
		{34884CAE-2122-498F-B596-89FED0661B9A}.Debug|Any CPU.ActiveCfg = Debug|Any CPU
		{34884CAE-2122-498F-B596-89FED0661B9A}.Debug|Any CPU.Build.0 = Debug|Any CPU
		{34884CAE-2122-498F-B596-89FED0661B9A}.Release|Any CPU.ActiveCfg = Release|Any CPU
		{34884CAE-2122-498F-B596-89FED0661B9A}.Release|Any CPU.Build.0 = Release|Any CPU
		{D465289A-5A82-4B42-AC5A-0CD2FCDEED23}.Debug|Any CPU.ActiveCfg = Debug|Any CPU
		{D465289A-5A82-4B42-AC5A-0CD2FCDEED23}.Debug|Any CPU.Build.0 = Debug|Any CPU
		{D465289A-5A82-4B42-AC5A-0CD2FCDEED23}.Release|Any CPU.ActiveCfg = Release|Any CPU
		{D465289A-5A82-4B42-AC5A-0CD2FCDEED23}.Release|Any CPU.Build.0 = Release|Any CPU
		{294B645D-22D6-4518-9C45-02C04C0B9C5F}.Debug|Any CPU.ActiveCfg = Debug|Any CPU
		{294B645D-22D6-4518-9C45-02C04C0B9C5F}.Debug|Any CPU.Build.0 = Debug|Any CPU
		{294B645D-22D6-4518-9C45-02C04C0B9C5F}.Release|Any CPU.ActiveCfg = Release|Any CPU
		{294B645D-22D6-4518-9C45-02C04C0B9C5F}.Release|Any CPU.Build.0 = Release|Any CPU
		{B2D37C4E-7591-4622-9FF7-C545E2CDCDE3}.Debug|Any CPU.ActiveCfg = Debug|Any CPU
		{B2D37C4E-7591-4622-9FF7-C545E2CDCDE3}.Debug|Any CPU.Build.0 = Debug|Any CPU
		{B2D37C4E-7591-4622-9FF7-C545E2CDCDE3}.Release|Any CPU.ActiveCfg = Release|Any CPU
		{B2D37C4E-7591-4622-9FF7-C545E2CDCDE3}.Release|Any CPU.Build.0 = Release|Any CPU
		{22A3DAC8-5014-4493-8892-2175B42063A0}.Debug|Any CPU.ActiveCfg = Debug|Any CPU
		{22A3DAC8-5014-4493-8892-2175B42063A0}.Debug|Any CPU.Build.0 = Debug|Any CPU
		{22A3DAC8-5014-4493-8892-2175B42063A0}.Release|Any CPU.ActiveCfg = Release|Any CPU
		{22A3DAC8-5014-4493-8892-2175B42063A0}.Release|Any CPU.Build.0 = Release|Any CPU
		{8888463D-F004-2537-F586-373CE15FE350}.Debug|Any CPU.ActiveCfg = Debug|Any CPU
		{8888463D-F004-2537-F586-373CE15FE350}.Debug|Any CPU.Build.0 = Debug|Any CPU
		{8888463D-F004-2537-F586-373CE15FE350}.Release|Any CPU.ActiveCfg = Release|Any CPU
		{8888463D-F004-2537-F586-373CE15FE350}.Release|Any CPU.Build.0 = Release|Any CPU
	EndGlobalSection
	GlobalSection(SolutionProperties) = preSolution
		HideSolutionNode = FALSE
	EndGlobalSection
	GlobalSection(NestedProjects) = preSolution
		{C5A779C9-ECA0-43EC-A483-6A9AC63F5336} = {CBC1F08C-B11C-4809-A36D-7316CB2FED55}
		{B5330874-0353-4713-82A2-BF310D3B1C99} = {7D58AD38-26EA-4621-B4CF-8DC8E3CC1F59}
		{FC6EFEAD-D28C-4C99-B8C1-686C2FC63F63} = {E6772DA1-C93E-4FDF-B2BB-DD9CC2CE60F2}
		{34884CAE-2122-498F-B596-89FED0661B9A} = {E6772DA1-C93E-4FDF-B2BB-DD9CC2CE60F2}
		{D465289A-5A82-4B42-AC5A-0CD2FCDEED23} = {E6772DA1-C93E-4FDF-B2BB-DD9CC2CE60F2}
		{294B645D-22D6-4518-9C45-02C04C0B9C5F} = {CBC1F08C-B11C-4809-A36D-7316CB2FED55}
		{B2D37C4E-7591-4622-9FF7-C545E2CDCDE3} = {141CA0D5-D300-4425-AA6A-50BB3C52585A}
		{22A3DAC8-5014-4493-8892-2175B42063A0} = {E6772DA1-C93E-4FDF-B2BB-DD9CC2CE60F2}
		{8888463D-F004-2537-F586-373CE15FE350} = {E6772DA1-C93E-4FDF-B2BB-DD9CC2CE60F2}
	EndGlobalSection
	GlobalSection(ExtensibilityGlobals) = postSolution
		SolutionGuid = {6E5C7AFC-D4DA-4DDF-A84C-E354BE075014}
	EndGlobalSection
	GlobalSection(SharedMSBuildProjectFiles) = preSolution
		Tools\CodeGenerators\T4\T4.projitems*{294b645d-22d6-4518-9c45-02c04c0b9c5f}*SharedItemsImports = 5
		Tools\CodeGenerators\T4\T4.projitems*{ed39428d-4ec0-4f77-8b2c-ba8454a09db3}*SharedItemsImports = 13
	EndGlobalSection
EndGlobal
